
Microsoft Visual Studio Solution File, Format Version 12.00
# Visual Studio Version 17
VisualStudioVersion = 17.4.33213.308
MinimumVisualStudioVersion = 10.0.40219.1
Project("{9A19103F-16F7-4668-BE54-9A1E7A4F7556}") = "Business.Library", "Business\Business.Library.csproj", "{997922D6-2E54-4517-A200-3211BF8646CF}"
EndProject
Project("{9A19103F-16F7-4668-BE54-9A1E7A4F7556}") = "Data.Library", "Data.Library\Data.Library.csproj", "{375B080A-45EE-4564-9B2C-C0B703710C9B}"
EndProject
Project("{FAE04EC0-301F-11D3-BF4B-00C04F79EFBC}") = "Business.Interfaces", "Business.Interfaces\Business.Interfaces.csproj", "{5FC39A77-B35E-4F74-9BD6-F3AEE8D6A7C2}"
EndProject
Project("{9A19103F-16F7-4668-BE54-9A1E7A4F7556}") = "API", "Weeva\API.csproj", "{268CBB47-11A3-4E39-B402-891D0270CA80}"
EndProject
Global
	GlobalSection(SolutionConfigurationPlatforms) = preSolution
		Debug|Any CPU = Debug|Any CPU
		Release|Any CPU = Release|Any CPU
	EndGlobalSection
	GlobalSection(ProjectConfigurationPlatforms) = postSolution
		{997922D6-2E54-4517-A200-3211BF8646CF}.Debug|Any CPU.ActiveCfg = Debug|Any CPU
		{997922D6-2E54-4517-A200-3211BF8646CF}.Debug|Any CPU.Build.0 = Debug|Any CPU
		{997922D6-2E54-4517-A200-3211BF8646CF}.Release|Any CPU.ActiveCfg = Release|Any CPU
		{997922D6-2E54-4517-A200-3211BF8646CF}.Release|Any CPU.Build.0 = Release|Any CPU
		{375B080A-45EE-4564-9B2C-C0B703710C9B}.Debug|Any CPU.ActiveCfg = Debug|Any CPU
		{375B080A-45EE-4564-9B2C-C0B703710C9B}.Debug|Any CPU.Build.0 = Debug|Any CPU
		{375B080A-45EE-4564-9B2C-C0B703710C9B}.Release|Any CPU.ActiveCfg = Release|Any CPU
		{375B080A-45EE-4564-9B2C-C0B703710C9B}.Release|Any CPU.Build.0 = Release|Any CPU
		{5FC39A77-B35E-4F74-9BD6-F3AEE8D6A7C2}.Debug|Any CPU.ActiveCfg = Debug|Any CPU
		{5FC39A77-B35E-4F74-9BD6-F3AEE8D6A7C2}.Debug|Any CPU.Build.0 = Debug|Any CPU
		{5FC39A77-B35E-4F74-9BD6-F3AEE8D6A7C2}.Release|Any CPU.ActiveCfg = Release|Any CPU
		{5FC39A77-B35E-4F74-9BD6-F3AEE8D6A7C2}.Release|Any CPU.Build.0 = Release|Any CPU
		{268CBB47-11A3-4E39-B402-891D0270CA80}.Debug|Any CPU.ActiveCfg = Debug|Any CPU
		{268CBB47-11A3-4E39-B402-891D0270CA80}.Debug|Any CPU.Build.0 = Debug|Any CPU
		{268CBB47-11A3-4E39-B402-891D0270CA80}.Release|Any CPU.ActiveCfg = Release|Any CPU
		{268CBB47-11A3-4E39-B402-891D0270CA80}.Release|Any CPU.Build.0 = Release|Any CPU
	EndGlobalSection
	GlobalSection(SolutionProperties) = preSolution
		HideSolutionNode = FALSE
	EndGlobalSection
	GlobalSection(ExtensibilityGlobals) = postSolution
		SolutionGuid = {328D8186-6271-400B-8863-07011026D049}
	EndGlobalSection
EndGlobal
